
Microsoft Visual Studio Solution File, Format Version 11.00
# Visual Studio 2010
Project("{FAE04EC0-301F-11D3-BF4B-00C04F79EFBC}") = "DeployToAzure", "src\DeployToAzure\DeployToAzure.csproj", "{11F6ED00-1E98-4E2E-9A15-C9FCF363D198}"
EndProject
Project("{FAE04EC0-301F-11D3-BF4B-00C04F79EFBC}") = "DeployToAzure.Tests", "src\DeployToAzure.Tests\DeployToAzure.Tests.csproj", "{24114CE5-D2FD-4192-A9B2-FC174B066514}"
EndProject
Global
	GlobalSection(SolutionConfigurationPlatforms) = preSolution
		Debug|Any CPU = Debug|Any CPU
		Release|Any CPU = Release|Any CPU
	EndGlobalSection
	GlobalSection(ProjectConfigurationPlatforms) = postSolution
		{11F6ED00-1E98-4E2E-9A15-C9FCF363D198}.Debug|Any CPU.ActiveCfg = Debug|Any CPU
		{11F6ED00-1E98-4E2E-9A15-C9FCF363D198}.Debug|Any CPU.Build.0 = Debug|Any CPU
		{11F6ED00-1E98-4E2E-9A15-C9FCF363D198}.Release|Any CPU.ActiveCfg = Release|Any CPU
		{11F6ED00-1E98-4E2E-9A15-C9FCF363D198}.Release|Any CPU.Build.0 = Release|Any CPU
		{24114CE5-D2FD-4192-A9B2-FC174B066514}.Debug|Any CPU.ActiveCfg = Debug|Any CPU
		{24114CE5-D2FD-4192-A9B2-FC174B066514}.Debug|Any CPU.Build.0 = Debug|Any CPU
		{24114CE5-D2FD-4192-A9B2-FC174B066514}.Release|Any CPU.ActiveCfg = Release|Any CPU
		{24114CE5-D2FD-4192-A9B2-FC174B066514}.Release|Any CPU.Build.0 = Release|Any CPU
	EndGlobalSection
	GlobalSection(SolutionProperties) = preSolution
		HideSolutionNode = FALSE
	EndGlobalSection
EndGlobal
